
Microsoft Visual Studio Solution File, Format Version 12.00
# Visual Studio Version 16
VisualStudioVersion = 16.0.30114.105
MinimumVisualStudioVersion = 10.0.40219.1
Project("{FAE04EC0-301F-11D3-BF4B-00C04F79EFBC}") = "RaceTracker", "RaceTracker\RaceTracker.csproj", "{692BF4C5-D01D-48F9-A5CA-BBDDC9AEBFBA}"
EndProject
Global
	GlobalSection(SolutionConfigurationPlatforms) = preSolution
		Debug|Any CPU = Debug|Any CPU
		Release|Any CPU = Release|Any CPU
	EndGlobalSection
	GlobalSection(ProjectConfigurationPlatforms) = postSolution
		{692BF4C5-D01D-48F9-A5CA-BBDDC9AEBFBA}.Debug|Any CPU.ActiveCfg = Debug|Any CPU
		{692BF4C5-D01D-48F9-A5CA-BBDDC9AEBFBA}.Debug|Any CPU.Build.0 = Debug|Any CPU
		{692BF4C5-D01D-48F9-A5CA-BBDDC9AEBFBA}.Release|Any CPU.ActiveCfg = Release|Any CPU
		{692BF4C5-D01D-48F9-A5CA-BBDDC9AEBFBA}.Release|Any CPU.Build.0 = Release|Any CPU
	EndGlobalSection
	GlobalSection(SolutionProperties) = preSolution
		HideSolutionNode = FALSE
	EndGlobalSection
	GlobalSection(ExtensibilityGlobals) = postSolution
		SolutionGuid = {6439E962-367F-40E6-BA02-FC3650824721}
	EndGlobalSection
EndGlobal
